{
  "name": "Rim",
  "lockfileVersion": 3,
  "requires": true,
  "packages": {
    "": {
      "dependencies": {
        "ngeohash": "^0.6.3"
      },
      "devDependencies": {
        "@types/latlon-geohash": "^2.0.4",
        "@types/ngeohash": "^0.6.8",
        "typescript": "^5.8.3"
      }
    },
    "node_modules/@types/latlon-geohash": {
      "version": "2.0.4",
      "resolved": "https://registry.npmjs.org/@types/latlon-geohash/-/latlon-geohash-2.0.4.tgz",
      "integrity": "sha512-R/wb/V8lhhI0hyRGDTkT6F4C3lynkF/D29iMSN5B4bYswaa4R+wajgcTv9z73BotGArf4Q8BnDNtmLeI+WiKkQ==",
      "dev": true,
      "license": "MIT"
    },
    "node_modules/@types/ngeohash": {
      "version": "0.6.8",
      "resolved": "https://registry.npmjs.org/@types/ngeohash/-/ngeohash-0.6.8.tgz",
      "integrity": "sha512-A90x3HMwE1yXbWCnd0ztHzv8rAQPjwTzX2diYI/6OrWm/3oairDaehw5WPWJFgZ+8+J/OuF99IbipmMa2le6tQ==",
      "dev": true,
      "license": "MIT"
    },
    "node_modules/ngeohash": {
      "version": "0.6.3",
      "resolved": "https://registry.npmjs.org/ngeohash/-/ngeohash-0.6.3.tgz",
      "integrity": "sha512-kltF0cOxgx1AbmVzKxYZaoB0aj7mOxZeHaerEtQV0YaqnkXNq26WWqMmJ6lTqShYxVRWZ/mwvvTrNeOwdslWiw==",
      "license": "MIT",
      "engines": {
        "node": ">=v0.2.0"
      }
    },
    "node_modules/typescript": {
      "version": "5.8.3",
      "resolved": "https://registry.npmjs.org/typescript/-/typescript-5.8.3.tgz",
      "integrity": "sha512-p1diW6TqL9L07nNxvRMM7hMMw4c5XOo/1ibL4aAIGmSAt9slTE1Xgw5KWuof2uTOvCg9BY7ZRi+GaF+7sfgPeQ==",
      "dev": true,
      "license": "Apache-2.0",
      "bin": {
        "tsc": "bin/tsc",
        "tsserver": "bin/tsserver"
      },
      "engines": {
        "node": ">=14.17"
      }
    }
  }
}
